
Microsoft Visual Studio Solution File, Format Version 12.00
# Visual Studio 2012
Project("{FAE04EC0-301F-11D3-BF4B-00C04F79EFBC}") = "MonkeyBox.Android", "MonkeyBox.Android.csproj", "{B9BC3706-7DD7-4781-BBD4-E378CCEE139C}"
EndProject
Project("{FAE04EC0-301F-11D3-BF4B-00C04F79EFBC}") = "DropboxSync.Android", "..\..\binding\Android\DropboxSync.Android.csproj", "{40125294-A03F-4D7D-A863-7A55C646D1B2}"
EndProject
Global
	GlobalSection(SolutionConfigurationPlatforms) = preSolution
		Debug|Any CPU = Debug|Any CPU
		Release|Any CPU = Release|Any CPU
	EndGlobalSection
	GlobalSection(ProjectConfigurationPlatforms) = postSolution
		{40125294-A03F-4D7D-A863-7A55C646D1B2}.Debug|Any CPU.ActiveCfg = Debug|Any CPU
		{40125294-A03F-4D7D-A863-7A55C646D1B2}.Debug|Any CPU.Build.0 = Debug|Any CPU
		{40125294-A03F-4D7D-A863-7A55C646D1B2}.Release|Any CPU.ActiveCfg = Release|Any CPU
		{40125294-A03F-4D7D-A863-7A55C646D1B2}.Release|Any CPU.Build.0 = Release|Any CPU
		{B9BC3706-7DD7-4781-BBD4-E378CCEE139C}.Debug|Any CPU.ActiveCfg = Debug|Any CPU
		{B9BC3706-7DD7-4781-BBD4-E378CCEE139C}.Debug|Any CPU.Build.0 = Debug|Any CPU
		{B9BC3706-7DD7-4781-BBD4-E378CCEE139C}.Release|Any CPU.ActiveCfg = Release|Any CPU
		{B9BC3706-7DD7-4781-BBD4-E378CCEE139C}.Release|Any CPU.Build.0 = Release|Any CPU
	EndGlobalSection
	GlobalSection(MonoDevelopProperties) = preSolution
		StartupItem = MonkeyBox.Android.csproj
	EndGlobalSection
EndGlobal
